{
  "name": "lexius",
  "version": "3.6.5",
  "lockfileVersion": 3,
  "requires": true,
  "packages": {
    "": {
      "name": "lexius",
      "version": "3.6.5",
      "license": "MIT",
      "dependencies": {
        "@pfmcodes/caret": "^0.3.2"
      }
    },
    "node_modules/@pfmcodes/caret": {
      "version": "0.3.2",
      "resolved": "https://registry.npmjs.org/@pfmcodes/caret/-/caret-0.3.2.tgz",
      "integrity": "sha512-rVapIq/fFJ5SsWP88b8H/Ge2BkUuYLLo+ZofuEpe0NtPS99MCq3GXYAOBHDA+jknr/YSoUGT1oFJ9K8+T+WeSQ==",
      "license": "MIT"
    }
  }
}
